<?xml version="1.0" encoding="utf-8"?>
<Project ToolsVersion="17.0" xmlns="http://schemas.microsoft.com/developer/msbuild/2003">
  <ItemGroup>
    <ClCompile Include="C:\dev\OpenGLRenderer\Main.cpp">
      <Filter>Source Files</Filter>
    </ClCompile>
    <ClCompile Include="C:\dev\OpenGLRenderer\imgui\imgui.cpp">
      <Filter>Source Files</Filter>
    </ClCompile>
    <ClCompile Include="C:\dev\OpenGLRenderer\imgui\imgui_draw.cpp">
      <Filter>Source Files</Filter>
    </ClCompile>
    <ClCompile Include="C:\dev\OpenGLRenderer\imgui\imgui_impl_glfw.cpp">
      <Filter>Source Files</Filter>
    </ClCompile>
    <ClCompile Include="C:\dev\OpenGLRenderer\imgui\imgui_impl_opengl3.cpp">
      <Filter>Source Files</Filter>
    </ClCompile>
    <ClCompile Include="C:\dev\OpenGLRenderer\imgui\imgui_tables.cpp">
      <Filter>Source Files</Filter>
    </ClCompile>
    <ClCompile Include="C:\dev\OpenGLRenderer\imgui\imgui_widgets.cpp">
      <Filter>Source Files</Filter>
    </ClCompile>
    <ClCompile Include="C:\dev\OpenGLRenderer\model\ArrowModel.cpp">
      <Filter>Source Files</Filter>
    </ClCompile>
    <ClCompile Include="C:\dev\OpenGLRenderer\model\CoordArrowsModel.cpp">
      <Filter>Source Files</Filter>
    </ClCompile>
    <ClCompile Include="C:\dev\OpenGLRenderer\model\GltfModel.cpp">
      <Filter>Source Files</Filter>
    </ClCompile>
    <ClCompile Include="C:\dev\OpenGLRenderer\model\Model.cpp">
      <Filter>Source Files</Filter>
    </ClCompile>
    <ClCompile Include="C:\dev\OpenGLRenderer\opengl\Framebuffer.cpp">
      <Filter>Source Files</Filter>
    </ClCompile>
    <ClCompile Include="C:\dev\OpenGLRenderer\opengl\OGLRenderer.cpp">
      <Filter>Source Files</Filter>
    </ClCompile>
    <ClCompile Include="C:\dev\OpenGLRenderer\opengl\Shader.cpp">
      <Filter>Source Files</Filter>
    </ClCompile>
    <ClCompile Include="C:\dev\OpenGLRenderer\opengl\Texture.cpp">
      <Filter>Source Files</Filter>
    </ClCompile>
    <ClCompile Include="C:\dev\OpenGLRenderer\opengl\UniformBuffer.cpp">
      <Filter>Source Files</Filter>
    </ClCompile>
    <ClCompile Include="C:\dev\OpenGLRenderer\opengl\UserInterface.cpp">
      <Filter>Source Files</Filter>
    </ClCompile>
    <ClCompile Include="C:\dev\OpenGLRenderer\opengl\VertexBuffer.cpp">
      <Filter>Source Files</Filter>
    </ClCompile>
    <ClCompile Include="C:\dev\OpenGLRenderer\src\glad.c">
      <Filter>Source Files</Filter>
    </ClCompile>
    <ClCompile Include="C:\dev\OpenGLRenderer\tinygltf\tiny_gltf.cc">
      <Filter>Source Files</Filter>
    </ClCompile>
    <ClCompile Include="C:\dev\OpenGLRenderer\tools\Camera.cpp">
      <Filter>Source Files</Filter>
    </ClCompile>
    <ClCompile Include="C:\dev\OpenGLRenderer\tools\Logger.cpp">
      <Filter>Source Files</Filter>
    </ClCompile>
    <ClCompile Include="C:\dev\OpenGLRenderer\tools\Timer.cpp">
      <Filter>Source Files</Filter>
    </ClCompile>
    <ClCompile Include="C:\dev\OpenGLRenderer\tools\Tools.cpp">
      <Filter>Source Files</Filter>
    </ClCompile>
    <ClCompile Include="C:\dev\OpenGLRenderer\window\Window.cpp">
      <Filter>Source Files</Filter>
    </ClCompile>
    <ClCompile Include="model\GltfNode.cpp">
      <Filter>Source Files</Filter>
    </ClCompile>
    <ClCompile Include="opengl\ShaderStorageBuffer.cpp">
      <Filter>Source Files</Filter>
    </ClCompile>
    <ClCompile Include="model\GltfAnimationClip.cpp">
      <Filter>Source Files</Filter>
    </ClCompile>
    <ClCompile Include="model\GltfAnimationChannel.cpp">
      <Filter>Source Files</Filter>
    </ClCompile>
  </ItemGroup>
  <ItemGroup>
    <CustomBuild Include="C:\dev\OpenGLRenderer\CMakeLists.txt" />
  </ItemGroup>
  <ItemGroup>
    <Filter Include="Source Files">
      <UniqueIdentifier>{FF5B7ED6-6F0D-32D6-A510-5F9FB261F1C6}</UniqueIdentifier>
    </Filter>
  </ItemGroup>
  <ItemGroup>
    <ClInclude Include="model\GltfNode.h">
      <Filter>Source Files</Filter>
    </ClInclude>
    <ClInclude Include="opengl\OGLRenderData.h">
      <Filter>Source Files</Filter>
    </ClInclude>
    <ClInclude Include="opengl\ShaderStorageBuffer.h">
      <Filter>Source Files</Filter>
    </ClInclude>
    <ClInclude Include="opengl\OGLRenderer.h">
      <Filter>Source Files</Filter>
    </ClInclude>
    <ClInclude Include="opengl\UniformBuffer.h">
      <Filter>Source Files</Filter>
    </ClInclude>
    <ClInclude Include="model\GltfModel.h">
      <Filter>Source Files</Filter>
    </ClInclude>
    <ClInclude Include="opengl\Framebuffer.h">
      <Filter>Source Files</Filter>
    </ClInclude>
    <ClInclude Include="opengl\Shader.h">
      <Filter>Source Files</Filter>
    </ClInclude>
    <ClInclude Include="opengl\Texture.h">
      <Filter>Source Files</Filter>
    </ClInclude>
    <ClInclude Include="opengl\UserInterface.h">
      <Filter>Source Files</Filter>
    </ClInclude>
    <ClInclude Include="opengl\VertexBuffer.h">
      <Filter>Source Files</Filter>
    </ClInclude>
    <ClInclude Include="model\ArrowModel.h">
      <Filter>Source Files</Filter>
    </ClInclude>
    <ClInclude Include="model\CoordArrowsModel.h">
      <Filter>Source Files</Filter>
    </ClInclude>
    <ClInclude Include="model\Model.h">
      <Filter>Source Files</Filter>
    </ClInclude>
    <ClInclude Include="tools\Camera.h">
      <Filter>Source Files</Filter>
    </ClInclude>
    <ClInclude Include="tools\Logger.h">
      <Filter>Source Files</Filter>
    </ClInclude>
    <ClInclude Include="tools\Timer.h">
      <Filter>Source Files</Filter>
    </ClInclude>
    <ClInclude Include="tools\Tools.h">
      <Filter>Source Files</Filter>
    </ClInclude>
    <ClInclude Include="window\Window.h">
      <Filter>Source Files</Filter>
    </ClInclude>
    <ClInclude Include="model\GltfAnimationClip.h">
      <Filter>Source Files</Filter>
    </ClInclude>
    <ClInclude Include="model\GltfAnimationChannel.h">
      <Filter>Source Files</Filter>
    </ClInclude>
  </ItemGroup>
</Project>